
Microsoft Visual Studio Solution File, Format Version 12.00
# Visual Studio 14
VisualStudioVersion = 14.0.25420.1
MinimumVisualStudioVersion = 10.0.40219.1
Project("{FAE04EC0-301F-11D3-BF4B-00C04F79EFBC}") = "Surveys.Core", "Surveys.Core\Surveys.Core.csproj", "{33F1A6F0-82E8-43A8-AC44-7D44CE232FA0}"
EndProject
Project("{FAE04EC0-301F-11D3-BF4B-00C04F79EFBC}") = "Surveys.Droid", "Surveys.Droid\Surveys.Droid.csproj", "{4FAF6BDD-E8C5-45EB-B24B-1FE6BC076E2D}"
EndProject
Project("{FAE04EC0-301F-11D3-BF4B-00C04F79EFBC}") = "Surveys.UWP", "Surveys.UWP\Surveys.UWP.csproj", "{8FB260DC-0888-453F-A304-2E56B0C165DD}"
EndProject
Project("{FAE04EC0-301F-11D3-BF4B-00C04F79EFBC}") = "Surveys.iOS", "Surveys.iOS\Surveys.iOS.csproj", "{C5809E36-C0AE-4110-9289-01D7AA25BC72}"
EndProject
Global
	GlobalSection(SolutionConfigurationPlatforms) = preSolution
		Ad-Hoc|Any CPU = Ad-Hoc|Any CPU
		Ad-Hoc|ARM = Ad-Hoc|ARM
		Ad-Hoc|iPhone = Ad-Hoc|iPhone
		Ad-Hoc|iPhoneSimulator = Ad-Hoc|iPhoneSimulator
		Ad-Hoc|x64 = Ad-Hoc|x64
		Ad-Hoc|x86 = Ad-Hoc|x86
		AppStore|Any CPU = AppStore|Any CPU
		AppStore|ARM = AppStore|ARM
		AppStore|iPhone = AppStore|iPhone
		AppStore|iPhoneSimulator = AppStore|iPhoneSimulator
		AppStore|x64 = AppStore|x64
		AppStore|x86 = AppStore|x86
		Debug|Any CPU = Debug|Any CPU
		Debug|ARM = Debug|ARM
		Debug|iPhone = Debug|iPhone
		Debug|iPhoneSimulator = Debug|iPhoneSimulator
		Debug|x64 = Debug|x64
		Debug|x86 = Debug|x86
		Release|Any CPU = Release|Any CPU
		Release|ARM = Release|ARM
		Release|iPhone = Release|iPhone
		Release|iPhoneSimulator = Release|iPhoneSimulator
		Release|x64 = Release|x64
		Release|x86 = Release|x86
	EndGlobalSection
	GlobalSection(ProjectConfigurationPlatforms) = postSolution
		{33F1A6F0-82E8-43A8-AC44-7D44CE232FA0}.Ad-Hoc|Any CPU.ActiveCfg = Release|Any CPU
		{33F1A6F0-82E8-43A8-AC44-7D44CE232FA0}.Ad-Hoc|Any CPU.Build.0 = Release|Any CPU
		{33F1A6F0-82E8-43A8-AC44-7D44CE232FA0}.Ad-Hoc|ARM.ActiveCfg = Release|Any CPU
		{33F1A6F0-82E8-43A8-AC44-7D44CE232FA0}.Ad-Hoc|ARM.Build.0 = Release|Any CPU
		{33F1A6F0-82E8-43A8-AC44-7D44CE232FA0}.Ad-Hoc|iPhone.ActiveCfg = Release|Any CPU
		{33F1A6F0-82E8-43A8-AC44-7D44CE232FA0}.Ad-Hoc|iPhone.Build.0 = Release|Any CPU
		{33F1A6F0-82E8-43A8-AC44-7D44CE232FA0}.Ad-Hoc|iPhoneSimulator.ActiveCfg = Release|Any CPU
		{33F1A6F0-82E8-43A8-AC44-7D44CE232FA0}.Ad-Hoc|iPhoneSimulator.Build.0 = Release|Any CPU
		{33F1A6F0-82E8-43A8-AC44-7D44CE232FA0}.Ad-Hoc|x64.ActiveCfg = Release|Any CPU
		{33F1A6F0-82E8-43A8-AC44-7D44CE232FA0}.Ad-Hoc|x64.Build.0 = Release|Any CPU
		{33F1A6F0-82E8-43A8-AC44-7D44CE232FA0}.Ad-Hoc|x86.ActiveCfg = Release|Any CPU
		{33F1A6F0-82E8-43A8-AC44-7D44CE232FA0}.Ad-Hoc|x86.Build.0 = Release|Any CPU
		{33F1A6F0-82E8-43A8-AC44-7D44CE232FA0}.AppStore|Any CPU.ActiveCfg = Release|Any CPU
		{33F1A6F0-82E8-43A8-AC44-7D44CE232FA0}.AppStore|Any CPU.Build.0 = Release|Any CPU
		{33F1A6F0-82E8-43A8-AC44-7D44CE232FA0}.AppStore|ARM.ActiveCfg = Release|Any CPU
		{33F1A6F0-82E8-43A8-AC44-7D44CE232FA0}.AppStore|ARM.Build.0 = Release|Any CPU
		{33F1A6F0-82E8-43A8-AC44-7D44CE232FA0}.AppStore|iPhone.ActiveCfg = Release|Any CPU
		{33F1A6F0-82E8-43A8-AC44-7D44CE232FA0}.AppStore|iPhone.Build.0 = Release|Any CPU
		{33F1A6F0-82E8-43A8-AC44-7D44CE232FA0}.AppStore|iPhoneSimulator.ActiveCfg = Release|Any CPU
		{33F1A6F0-82E8-43A8-AC44-7D44CE232FA0}.AppStore|iPhoneSimulator.Build.0 = Release|Any CPU
		{33F1A6F0-82E8-43A8-AC44-7D44CE232FA0}.AppStore|x64.ActiveCfg = Release|Any CPU
		{33F1A6F0-82E8-43A8-AC44-7D44CE232FA0}.AppStore|x64.Build.0 = Release|Any CPU
		{33F1A6F0-82E8-43A8-AC44-7D44CE232FA0}.AppStore|x86.ActiveCfg = Release|Any CPU
		{33F1A6F0-82E8-43A8-AC44-7D44CE232FA0}.AppStore|x86.Build.0 = Release|Any CPU
		{33F1A6F0-82E8-43A8-AC44-7D44CE232FA0}.Debug|Any CPU.ActiveCfg = Debug|Any CPU
		{33F1A6F0-82E8-43A8-AC44-7D44CE232FA0}.Debug|Any CPU.Build.0 = Debug|Any CPU
		{33F1A6F0-82E8-43A8-AC44-7D44CE232FA0}.Debug|ARM.ActiveCfg = Debug|Any CPU
		{33F1A6F0-82E8-43A8-AC44-7D44CE232FA0}.Debug|ARM.Build.0 = Debug|Any CPU
		{33F1A6F0-82E8-43A8-AC44-7D44CE232FA0}.Debug|iPhone.ActiveCfg = Debug|Any CPU
		{33F1A6F0-82E8-43A8-AC44-7D44CE232FA0}.Debug|iPhone.Build.0 = Debug|Any CPU
		{33F1A6F0-82E8-43A8-AC44-7D44CE232FA0}.Debug|iPhoneSimulator.ActiveCfg = Debug|Any CPU
		{33F1A6F0-82E8-43A8-AC44-7D44CE232FA0}.Debug|iPhoneSimulator.Build.0 = Debug|Any CPU
		{33F1A6F0-82E8-43A8-AC44-7D44CE232FA0}.Debug|x64.ActiveCfg = Debug|Any CPU
		{33F1A6F0-82E8-43A8-AC44-7D44CE232FA0}.Debug|x64.Build.0 = Debug|Any CPU
		{33F1A6F0-82E8-43A8-AC44-7D44CE232FA0}.Debug|x86.ActiveCfg = Debug|Any CPU
		{33F1A6F0-82E8-43A8-AC44-7D44CE232FA0}.Debug|x86.Build.0 = Debug|Any CPU
		{33F1A6F0-82E8-43A8-AC44-7D44CE232FA0}.Release|Any CPU.ActiveCfg = Release|Any CPU
		{33F1A6F0-82E8-43A8-AC44-7D44CE232FA0}.Release|Any CPU.Build.0 = Release|Any CPU
		{33F1A6F0-82E8-43A8-AC44-7D44CE232FA0}.Release|ARM.ActiveCfg = Release|Any CPU
		{33F1A6F0-82E8-43A8-AC44-7D44CE232FA0}.Release|ARM.Build.0 = Release|Any CPU
		{33F1A6F0-82E8-43A8-AC44-7D44CE232FA0}.Release|iPhone.ActiveCfg = Release|Any CPU
		{33F1A6F0-82E8-43A8-AC44-7D44CE232FA0}.Release|iPhone.Build.0 = Release|Any CPU
		{33F1A6F0-82E8-43A8-AC44-7D44CE232FA0}.Release|iPhoneSimulator.ActiveCfg = Release|Any CPU
		{33F1A6F0-82E8-43A8-AC44-7D44CE232FA0}.Release|iPhoneSimulator.Build.0 = Release|Any CPU
		{33F1A6F0-82E8-43A8-AC44-7D44CE232FA0}.Release|x64.ActiveCfg = Release|Any CPU
		{33F1A6F0-82E8-43A8-AC44-7D44CE232FA0}.Release|x64.Build.0 = Release|Any CPU
		{33F1A6F0-82E8-43A8-AC44-7D44CE232FA0}.Release|x86.ActiveCfg = Release|Any CPU
		{33F1A6F0-82E8-43A8-AC44-7D44CE232FA0}.Release|x86.Build.0 = Release|Any CPU
		{4FAF6BDD-E8C5-45EB-B24B-1FE6BC076E2D}.Ad-Hoc|Any CPU.ActiveCfg = Release|Any CPU
		{4FAF6BDD-E8C5-45EB-B24B-1FE6BC076E2D}.Ad-Hoc|Any CPU.Build.0 = Release|Any CPU
		{4FAF6BDD-E8C5-45EB-B24B-1FE6BC076E2D}.Ad-Hoc|Any CPU.Deploy.0 = Release|Any CPU
		{4FAF6BDD-E8C5-45EB-B24B-1FE6BC076E2D}.Ad-Hoc|ARM.ActiveCfg = Release|Any CPU
		{4FAF6BDD-E8C5-45EB-B24B-1FE6BC076E2D}.Ad-Hoc|ARM.Build.0 = Release|Any CPU
		{4FAF6BDD-E8C5-45EB-B24B-1FE6BC076E2D}.Ad-Hoc|ARM.Deploy.0 = Release|Any CPU
		{4FAF6BDD-E8C5-45EB-B24B-1FE6BC076E2D}.Ad-Hoc|iPhone.ActiveCfg = Release|Any CPU
		{4FAF6BDD-E8C5-45EB-B24B-1FE6BC076E2D}.Ad-Hoc|iPhone.Build.0 = Release|Any CPU
		{4FAF6BDD-E8C5-45EB-B24B-1FE6BC076E2D}.Ad-Hoc|iPhone.Deploy.0 = Release|Any CPU
		{4FAF6BDD-E8C5-45EB-B24B-1FE6BC076E2D}.Ad-Hoc|iPhoneSimulator.ActiveCfg = Release|Any CPU
		{4FAF6BDD-E8C5-45EB-B24B-1FE6BC076E2D}.Ad-Hoc|iPhoneSimulator.Build.0 = Release|Any CPU
		{4FAF6BDD-E8C5-45EB-B24B-1FE6BC076E2D}.Ad-Hoc|iPhoneSimulator.Deploy.0 = Release|Any CPU
		{4FAF6BDD-E8C5-45EB-B24B-1FE6BC076E2D}.Ad-Hoc|x64.ActiveCfg = Release|Any CPU
		{4FAF6BDD-E8C5-45EB-B24B-1FE6BC076E2D}.Ad-Hoc|x64.Build.0 = Release|Any CPU
		{4FAF6BDD-E8C5-45EB-B24B-1FE6BC076E2D}.Ad-Hoc|x64.Deploy.0 = Release|Any CPU
		{4FAF6BDD-E8C5-45EB-B24B-1FE6BC076E2D}.Ad-Hoc|x86.ActiveCfg = Release|Any CPU
		{4FAF6BDD-E8C5-45EB-B24B-1FE6BC076E2D}.Ad-Hoc|x86.Build.0 = Release|Any CPU
		{4FAF6BDD-E8C5-45EB-B24B-1FE6BC076E2D}.Ad-Hoc|x86.Deploy.0 = Release|Any CPU
		{4FAF6BDD-E8C5-45EB-B24B-1FE6BC076E2D}.AppStore|Any CPU.ActiveCfg = Release|Any CPU
		{4FAF6BDD-E8C5-45EB-B24B-1FE6BC076E2D}.AppStore|Any CPU.Build.0 = Release|Any CPU
		{4FAF6BDD-E8C5-45EB-B24B-1FE6BC076E2D}.AppStore|Any CPU.Deploy.0 = Release|Any CPU
		{4FAF6BDD-E8C5-45EB-B24B-1FE6BC076E2D}.AppStore|ARM.ActiveCfg = Release|Any CPU
		{4FAF6BDD-E8C5-45EB-B24B-1FE6BC076E2D}.AppStore|ARM.Build.0 = Release|Any CPU
		{4FAF6BDD-E8C5-45EB-B24B-1FE6BC076E2D}.AppStore|ARM.Deploy.0 = Release|Any CPU
		{4FAF6BDD-E8C5-45EB-B24B-1FE6BC076E2D}.AppStore|iPhone.ActiveCfg = Release|Any CPU
		{4FAF6BDD-E8C5-45EB-B24B-1FE6BC076E2D}.AppStore|iPhone.Build.0 = Release|Any CPU
		{4FAF6BDD-E8C5-45EB-B24B-1FE6BC076E2D}.AppStore|iPhone.Deploy.0 = Release|Any CPU
		{4FAF6BDD-E8C5-45EB-B24B-1FE6BC076E2D}.AppStore|iPhoneSimulator.ActiveCfg = Release|Any CPU
		{4FAF6BDD-E8C5-45EB-B24B-1FE6BC076E2D}.AppStore|iPhoneSimulator.Build.0 = Release|Any CPU
		{4FAF6BDD-E8C5-45EB-B24B-1FE6BC076E2D}.AppStore|iPhoneSimulator.Deploy.0 = Release|Any CPU
		{4FAF6BDD-E8C5-45EB-B24B-1FE6BC076E2D}.AppStore|x64.ActiveCfg = Release|Any CPU
		{4FAF6BDD-E8C5-45EB-B24B-1FE6BC076E2D}.AppStore|x64.Build.0 = Release|Any CPU
		{4FAF6BDD-E8C5-45EB-B24B-1FE6BC076E2D}.AppStore|x64.Deploy.0 = Release|Any CPU
		{4FAF6BDD-E8C5-45EB-B24B-1FE6BC076E2D}.AppStore|x86.ActiveCfg = Release|Any CPU
		{4FAF6BDD-E8C5-45EB-B24B-1FE6BC076E2D}.AppStore|x86.Build.0 = Release|Any CPU
		{4FAF6BDD-E8C5-45EB-B24B-1FE6BC076E2D}.AppStore|x86.Deploy.0 = Release|Any CPU
		{4FAF6BDD-E8C5-45EB-B24B-1FE6BC076E2D}.Debug|Any CPU.ActiveCfg = Debug|Any CPU
		{4FAF6BDD-E8C5-45EB-B24B-1FE6BC076E2D}.Debug|Any CPU.Build.0 = Debug|Any CPU
		{4FAF6BDD-E8C5-45EB-B24B-1FE6BC076E2D}.Debug|Any CPU.Deploy.0 = Debug|Any CPU
		{4FAF6BDD-E8C5-45EB-B24B-1FE6BC076E2D}.Debug|ARM.ActiveCfg = Debug|Any CPU
		{4FAF6BDD-E8C5-45EB-B24B-1FE6BC076E2D}.Debug|ARM.Build.0 = Debug|Any CPU
		{4FAF6BDD-E8C5-45EB-B24B-1FE6BC076E2D}.Debug|ARM.Deploy.0 = Debug|Any CPU
		{4FAF6BDD-E8C5-45EB-B24B-1FE6BC076E2D}.Debug|iPhone.ActiveCfg = Debug|Any CPU
		{4FAF6BDD-E8C5-45EB-B24B-1FE6BC076E2D}.Debug|iPhone.Build.0 = Debug|Any CPU
		{4FAF6BDD-E8C5-45EB-B24B-1FE6BC076E2D}.Debug|iPhone.Deploy.0 = Debug|Any CPU
		{4FAF6BDD-E8C5-45EB-B24B-1FE6BC076E2D}.Debug|iPhoneSimulator.ActiveCfg = Debug|Any CPU
		{4FAF6BDD-E8C5-45EB-B24B-1FE6BC076E2D}.Debug|iPhoneSimulator.Build.0 = Debug|Any CPU
		{4FAF6BDD-E8C5-45EB-B24B-1FE6BC076E2D}.Debug|iPhoneSimulator.Deploy.0 = Debug|Any CPU
		{4FAF6BDD-E8C5-45EB-B24B-1FE6BC076E2D}.Debug|x64.ActiveCfg = Debug|Any CPU
		{4FAF6BDD-E8C5-45EB-B24B-1FE6BC076E2D}.Debug|x64.Build.0 = Debug|Any CPU
		{4FAF6BDD-E8C5-45EB-B24B-1FE6BC076E2D}.Debug|x64.Deploy.0 = Debug|Any CPU
		{4FAF6BDD-E8C5-45EB-B24B-1FE6BC076E2D}.Debug|x86.ActiveCfg = Debug|Any CPU
		{4FAF6BDD-E8C5-45EB-B24B-1FE6BC076E2D}.Debug|x86.Build.0 = Debug|Any CPU
		{4FAF6BDD-E8C5-45EB-B24B-1FE6BC076E2D}.Debug|x86.Deploy.0 = Debug|Any CPU
		{4FAF6BDD-E8C5-45EB-B24B-1FE6BC076E2D}.Release|Any CPU.ActiveCfg = Release|Any CPU
		{4FAF6BDD-E8C5-45EB-B24B-1FE6BC076E2D}.Release|Any CPU.Build.0 = Release|Any CPU
		{4FAF6BDD-E8C5-45EB-B24B-1FE6BC076E2D}.Release|Any CPU.Deploy.0 = Release|Any CPU
		{4FAF6BDD-E8C5-45EB-B24B-1FE6BC076E2D}.Release|ARM.ActiveCfg = Release|Any CPU
		{4FAF6BDD-E8C5-45EB-B24B-1FE6BC076E2D}.Release|ARM.Build.0 = Release|Any CPU
		{4FAF6BDD-E8C5-45EB-B24B-1FE6BC076E2D}.Release|ARM.Deploy.0 = Release|Any CPU
		{4FAF6BDD-E8C5-45EB-B24B-1FE6BC076E2D}.Release|iPhone.ActiveCfg = Release|Any CPU
		{4FAF6BDD-E8C5-45EB-B24B-1FE6BC076E2D}.Release|iPhone.Build.0 = Release|Any CPU
		{4FAF6BDD-E8C5-45EB-B24B-1FE6BC076E2D}.Release|iPhone.Deploy.0 = Release|Any CPU
		{4FAF6BDD-E8C5-45EB-B24B-1FE6BC076E2D}.Release|iPhoneSimulator.ActiveCfg = Release|Any CPU
		{4FAF6BDD-E8C5-45EB-B24B-1FE6BC076E2D}.Release|iPhoneSimulator.Build.0 = Release|Any CPU
		{4FAF6BDD-E8C5-45EB-B24B-1FE6BC076E2D}.Release|iPhoneSimulator.Deploy.0 = Release|Any CPU
		{4FAF6BDD-E8C5-45EB-B24B-1FE6BC076E2D}.Release|x64.ActiveCfg = Release|Any CPU
		{4FAF6BDD-E8C5-45EB-B24B-1FE6BC076E2D}.Release|x64.Build.0 = Release|Any CPU
		{4FAF6BDD-E8C5-45EB-B24B-1FE6BC076E2D}.Release|x64.Deploy.0 = Release|Any CPU
		{4FAF6BDD-E8C5-45EB-B24B-1FE6BC076E2D}.Release|x86.ActiveCfg = Release|Any CPU
		{4FAF6BDD-E8C5-45EB-B24B-1FE6BC076E2D}.Release|x86.Build.0 = Release|Any CPU
		{4FAF6BDD-E8C5-45EB-B24B-1FE6BC076E2D}.Release|x86.Deploy.0 = Release|Any CPU
		{8FB260DC-0888-453F-A304-2E56B0C165DD}.Ad-Hoc|Any CPU.ActiveCfg = Release|x64
		{8FB260DC-0888-453F-A304-2E56B0C165DD}.Ad-Hoc|Any CPU.Build.0 = Release|x64
		{8FB260DC-0888-453F-A304-2E56B0C165DD}.Ad-Hoc|Any CPU.Deploy.0 = Release|x64
		{8FB260DC-0888-453F-A304-2E56B0C165DD}.Ad-Hoc|ARM.ActiveCfg = Release|ARM
		{8FB260DC-0888-453F-A304-2E56B0C165DD}.Ad-Hoc|ARM.Build.0 = Release|ARM
		{8FB260DC-0888-453F-A304-2E56B0C165DD}.Ad-Hoc|ARM.Deploy.0 = Release|ARM
		{8FB260DC-0888-453F-A304-2E56B0C165DD}.Ad-Hoc|iPhone.ActiveCfg = Release|x64
		{8FB260DC-0888-453F-A304-2E56B0C165DD}.Ad-Hoc|iPhone.Build.0 = Release|x64
		{8FB260DC-0888-453F-A304-2E56B0C165DD}.Ad-Hoc|iPhone.Deploy.0 = Release|x64
		{8FB260DC-0888-453F-A304-2E56B0C165DD}.Ad-Hoc|iPhoneSimulator.ActiveCfg = Release|x64
		{8FB260DC-0888-453F-A304-2E56B0C165DD}.Ad-Hoc|iPhoneSimulator.Build.0 = Release|x64
		{8FB260DC-0888-453F-A304-2E56B0C165DD}.Ad-Hoc|iPhoneSimulator.Deploy.0 = Release|x64
		{8FB260DC-0888-453F-A304-2E56B0C165DD}.Ad-Hoc|x64.ActiveCfg = Release|x64
		{8FB260DC-0888-453F-A304-2E56B0C165DD}.Ad-Hoc|x64.Build.0 = Release|x64
		{8FB260DC-0888-453F-A304-2E56B0C165DD}.Ad-Hoc|x64.Deploy.0 = Release|x64
		{8FB260DC-0888-453F-A304-2E56B0C165DD}.Ad-Hoc|x86.ActiveCfg = Release|x86
		{8FB260DC-0888-453F-A304-2E56B0C165DD}.Ad-Hoc|x86.Build.0 = Release|x86
		{8FB260DC-0888-453F-A304-2E56B0C165DD}.Ad-Hoc|x86.Deploy.0 = Release|x86
		{8FB260DC-0888-453F-A304-2E56B0C165DD}.AppStore|Any CPU.ActiveCfg = Release|x64
		{8FB260DC-0888-453F-A304-2E56B0C165DD}.AppStore|Any CPU.Build.0 = Release|x64
		{8FB260DC-0888-453F-A304-2E56B0C165DD}.AppStore|Any CPU.Deploy.0 = Release|x64
		{8FB260DC-0888-453F-A304-2E56B0C165DD}.AppStore|ARM.ActiveCfg = Release|ARM
		{8FB260DC-0888-453F-A304-2E56B0C165DD}.AppStore|ARM.Build.0 = Release|ARM
		{8FB260DC-0888-453F-A304-2E56B0C165DD}.AppStore|ARM.Deploy.0 = Release|ARM
		{8FB260DC-0888-453F-A304-2E56B0C165DD}.AppStore|iPhone.ActiveCfg = Release|x64
		{8FB260DC-0888-453F-A304-2E56B0C165DD}.AppStore|iPhone.Build.0 = Release|x64
		{8FB260DC-0888-453F-A304-2E56B0C165DD}.AppStore|iPhone.Deploy.0 = Release|x64
		{8FB260DC-0888-453F-A304-2E56B0C165DD}.AppStore|iPhoneSimulator.ActiveCfg = Release|x64
		{8FB260DC-0888-453F-A304-2E56B0C165DD}.AppStore|iPhoneSimulator.Build.0 = Release|x64
		{8FB260DC-0888-453F-A304-2E56B0C165DD}.AppStore|iPhoneSimulator.Deploy.0 = Release|x64
		{8FB260DC-0888-453F-A304-2E56B0C165DD}.AppStore|x64.ActiveCfg = Release|x64
		{8FB260DC-0888-453F-A304-2E56B0C165DD}.AppStore|x64.Build.0 = Release|x64
		{8FB260DC-0888-453F-A304-2E56B0C165DD}.AppStore|x64.Deploy.0 = Release|x64
		{8FB260DC-0888-453F-A304-2E56B0C165DD}.AppStore|x86.ActiveCfg = Release|x86
		{8FB260DC-0888-453F-A304-2E56B0C165DD}.AppStore|x86.Build.0 = Release|x86
		{8FB260DC-0888-453F-A304-2E56B0C165DD}.AppStore|x86.Deploy.0 = Release|x86
		{8FB260DC-0888-453F-A304-2E56B0C165DD}.Debug|Any CPU.ActiveCfg = Debug|x86
		{8FB260DC-0888-453F-A304-2E56B0C165DD}.Debug|ARM.ActiveCfg = Debug|ARM
		{8FB260DC-0888-453F-A304-2E56B0C165DD}.Debug|ARM.Build.0 = Debug|ARM
		{8FB260DC-0888-453F-A304-2E56B0C165DD}.Debug|ARM.Deploy.0 = Debug|ARM
		{8FB260DC-0888-453F-A304-2E56B0C165DD}.Debug|iPhone.ActiveCfg = Debug|x86
		{8FB260DC-0888-453F-A304-2E56B0C165DD}.Debug|iPhone.Build.0 = Debug|x86
		{8FB260DC-0888-453F-A304-2E56B0C165DD}.Debug|iPhone.Deploy.0 = Debug|x86
		{8FB260DC-0888-453F-A304-2E56B0C165DD}.Debug|iPhoneSimulator.ActiveCfg = Debug|x86
		{8FB260DC-0888-453F-A304-2E56B0C165DD}.Debug|x64.ActiveCfg = Debug|x64
		{8FB260DC-0888-453F-A304-2E56B0C165DD}.Debug|x64.Build.0 = Debug|x64
		{8FB260DC-0888-453F-A304-2E56B0C165DD}.Debug|x64.Deploy.0 = Debug|x64
		{8FB260DC-0888-453F-A304-2E56B0C165DD}.Debug|x86.ActiveCfg = Debug|x86
		{8FB260DC-0888-453F-A304-2E56B0C165DD}.Debug|x86.Build.0 = Debug|x86
		{8FB260DC-0888-453F-A304-2E56B0C165DD}.Debug|x86.Deploy.0 = Debug|x86
		{8FB260DC-0888-453F-A304-2E56B0C165DD}.Release|Any CPU.ActiveCfg = Release|x86
		{8FB260DC-0888-453F-A304-2E56B0C165DD}.Release|ARM.ActiveCfg = Release|ARM
		{8FB260DC-0888-453F-A304-2E56B0C165DD}.Release|ARM.Build.0 = Release|ARM
		{8FB260DC-0888-453F-A304-2E56B0C165DD}.Release|ARM.Deploy.0 = Release|ARM
		{8FB260DC-0888-453F-A304-2E56B0C165DD}.Release|iPhone.ActiveCfg = Release|x86
		{8FB260DC-0888-453F-A304-2E56B0C165DD}.Release|iPhoneSimulator.ActiveCfg = Release|x86
		{8FB260DC-0888-453F-A304-2E56B0C165DD}.Release|x64.ActiveCfg = Release|x64
		{8FB260DC-0888-453F-A304-2E56B0C165DD}.Release|x64.Build.0 = Release|x64
		{8FB260DC-0888-453F-A304-2E56B0C165DD}.Release|x64.Deploy.0 = Release|x64
		{8FB260DC-0888-453F-A304-2E56B0C165DD}.Release|x86.ActiveCfg = Release|x86
		{8FB260DC-0888-453F-A304-2E56B0C165DD}.Release|x86.Build.0 = Release|x86
		{8FB260DC-0888-453F-A304-2E56B0C165DD}.Release|x86.Deploy.0 = Release|x86
		{C5809E36-C0AE-4110-9289-01D7AA25BC72}.Ad-Hoc|Any CPU.ActiveCfg = Ad-Hoc|iPhone
		{C5809E36-C0AE-4110-9289-01D7AA25BC72}.Ad-Hoc|ARM.ActiveCfg = Ad-Hoc|iPhone
		{C5809E36-C0AE-4110-9289-01D7AA25BC72}.Ad-Hoc|iPhone.ActiveCfg = Ad-Hoc|iPhone
		{C5809E36-C0AE-4110-9289-01D7AA25BC72}.Ad-Hoc|iPhone.Build.0 = Ad-Hoc|iPhone
		{C5809E36-C0AE-4110-9289-01D7AA25BC72}.Ad-Hoc|iPhoneSimulator.ActiveCfg = Ad-Hoc|iPhoneSimulator
		{C5809E36-C0AE-4110-9289-01D7AA25BC72}.Ad-Hoc|iPhoneSimulator.Build.0 = Ad-Hoc|iPhoneSimulator
		{C5809E36-C0AE-4110-9289-01D7AA25BC72}.Ad-Hoc|x64.ActiveCfg = Ad-Hoc|iPhone
		{C5809E36-C0AE-4110-9289-01D7AA25BC72}.Ad-Hoc|x86.ActiveCfg = Ad-Hoc|iPhone
		{C5809E36-C0AE-4110-9289-01D7AA25BC72}.AppStore|Any CPU.ActiveCfg = AppStore|iPhone
		{C5809E36-C0AE-4110-9289-01D7AA25BC72}.AppStore|ARM.ActiveCfg = AppStore|iPhone
		{C5809E36-C0AE-4110-9289-01D7AA25BC72}.AppStore|iPhone.ActiveCfg = AppStore|iPhone
		{C5809E36-C0AE-4110-9289-01D7AA25BC72}.AppStore|iPhone.Build.0 = AppStore|iPhone
		{C5809E36-C0AE-4110-9289-01D7AA25BC72}.AppStore|iPhoneSimulator.ActiveCfg = AppStore|iPhoneSimulator
		{C5809E36-C0AE-4110-9289-01D7AA25BC72}.AppStore|iPhoneSimulator.Build.0 = AppStore|iPhoneSimulator
		{C5809E36-C0AE-4110-9289-01D7AA25BC72}.AppStore|x64.ActiveCfg = AppStore|iPhone
		{C5809E36-C0AE-4110-9289-01D7AA25BC72}.AppStore|x86.ActiveCfg = AppStore|iPhone
		{C5809E36-C0AE-4110-9289-01D7AA25BC72}.Debug|Any CPU.ActiveCfg = Debug|iPhone
		{C5809E36-C0AE-4110-9289-01D7AA25BC72}.Debug|ARM.ActiveCfg = Debug|iPhone
		{C5809E36-C0AE-4110-9289-01D7AA25BC72}.Debug|iPhone.ActiveCfg = Debug|iPhone
		{C5809E36-C0AE-4110-9289-01D7AA25BC72}.Debug|iPhone.Build.0 = Debug|iPhone
		{C5809E36-C0AE-4110-9289-01D7AA25BC72}.Debug|iPhoneSimulator.ActiveCfg = Debug|iPhoneSimulator
		{C5809E36-C0AE-4110-9289-01D7AA25BC72}.Debug|x64.ActiveCfg = Debug|iPhone
		{C5809E36-C0AE-4110-9289-01D7AA25BC72}.Debug|x86.ActiveCfg = Debug|iPhone
		{C5809E36-C0AE-4110-9289-01D7AA25BC72}.Release|Any CPU.ActiveCfg = Release|iPhone
		{C5809E36-C0AE-4110-9289-01D7AA25BC72}.Release|ARM.ActiveCfg = Release|iPhone
		{C5809E36-C0AE-4110-9289-01D7AA25BC72}.Release|iPhone.ActiveCfg = Release|iPhone
		{C5809E36-C0AE-4110-9289-01D7AA25BC72}.Release|iPhone.Build.0 = Release|iPhone
		{C5809E36-C0AE-4110-9289-01D7AA25BC72}.Release|iPhoneSimulator.ActiveCfg = Release|iPhoneSimulator
		{C5809E36-C0AE-4110-9289-01D7AA25BC72}.Release|iPhoneSimulator.Build.0 = Release|iPhoneSimulator
		{C5809E36-C0AE-4110-9289-01D7AA25BC72}.Release|x64.ActiveCfg = Release|iPhone
		{C5809E36-C0AE-4110-9289-01D7AA25BC72}.Release|x86.ActiveCfg = Release|iPhone
	EndGlobalSection
	GlobalSection(SolutionProperties) = preSolution
		HideSolutionNode = FALSE
	EndGlobalSection
EndGlobal
